
Microsoft Visual Studio Solution File, Format Version 12.00
# Visual Studio Version 17
VisualStudioVersion = 17.0.31903.59
MinimumVisualStudioVersion = 10.0.40219.1
Project("{2150E333-8FDC-42A3-9474-1A3956D46DE8}") = "src", "src", "{F81917BA-C407-4826-B36F-433A4AF34915}"
EndProject
Project("{FAE04EC0-301F-11D3-BF4B-00C04F79EFBC}") = "NexusMonitor.Core", "src\NexusMonitor.Core\NexusMonitor.Core.csproj", "{E87E30BC-55C7-4590-B7D8-16E4D06BE05F}"
EndProject
Project("{FAE04EC0-301F-11D3-BF4B-00C04F79EFBC}") = "NexusMonitor.UI", "src\NexusMonitor.UI\NexusMonitor.UI.csproj", "{C83C1811-4A63-4ABC-98B0-495C0C5261E9}"
EndProject
Project("{FAE04EC0-301F-11D3-BF4B-00C04F79EFBC}") = "NexusMonitor.Platform.Windows", "src\NexusMonitor.Platform.Windows\NexusMonitor.Platform.Windows.csproj", "{FFB27146-A7FB-46D6-BFE9-5B90D2D483F5}"
EndProject
Project("{FAE04EC0-301F-11D3-BF4B-00C04F79EFBC}") = "NexusMonitor.Platform.MacOS", "src\NexusMonitor.Platform.MacOS\NexusMonitor.Platform.MacOS.csproj", "{75A6288B-ADA9-495D-B1F3-48DC6B6651F4}"
EndProject
Project("{FAE04EC0-301F-11D3-BF4B-00C04F79EFBC}") = "NexusMonitor.Platform.Linux", "src\NexusMonitor.Platform.Linux\NexusMonitor.Platform.Linux.csproj", "{B08698E0-0060-4F5F-AE51-C69C53B34F6B}"
EndProject
Project("{FAE04EC0-301F-11D3-BF4B-00C04F79EFBC}") = "NexusMonitor.DiskAnalyzer", "src\NexusMonitor.DiskAnalyzer\NexusMonitor.DiskAnalyzer.csproj", "{4A2B8C1D-3E5F-6A7B-8C9D-0E1F2A3B4C5D}"
EndProject
Project("{2150E333-8FDC-42A3-9474-1A3956D46DE8}") = "tests", "tests", "{A55BA839-58B9-4149-8E41-52996EAF43B9}"
EndProject
Project("{FAE04EC0-301F-11D3-BF4B-00C04F79EFBC}") = "NexusMonitor.Core.Tests", "tests\NexusMonitor.Core.Tests\NexusMonitor.Core.Tests.csproj", "{8EDFD039-18DC-4901-9ECC-1947FC953242}"
EndProject
Project("{FAE04EC0-301F-11D3-BF4B-00C04F79EFBC}") = "NexusMonitor.Hosting", "src\NexusMonitor.Hosting\NexusMonitor.Hosting.csproj", "{D1A2B3C4-E5F6-7890-ABCD-EF1234567890}"
EndProject
Project("{FAE04EC0-301F-11D3-BF4B-00C04F79EFBC}") = "NexusMonitor.CLI", "src\NexusMonitor.CLI\NexusMonitor.CLI.csproj", "{A1B2C3D4-E5F6-7890-ABCD-EF0987654321}"
EndProject
Project("{FAE04EC0-301F-11D3-BF4B-00C04F79EFBC}") = "NexusMonitor.DiskAnalyzer.Tests", "tests\NexusMonitor.DiskAnalyzer.Tests\NexusMonitor.DiskAnalyzer.Tests.csproj", "{0588E872-5D57-4BAD-8DAD-5A9716F9944C}"
EndProject
Project("{FAE04EC0-301F-11D3-BF4B-00C04F79EFBC}") = "NexusMonitor.UI.Tests", "tests\NexusMonitor.UI.Tests\NexusMonitor.UI.Tests.csproj", "{0440B2A1-C03F-4118-95B5-24D10D2327AB}"
EndProject
Global
	GlobalSection(SolutionConfigurationPlatforms) = preSolution
		Debug|Any CPU = Debug|Any CPU
		Release|Any CPU = Release|Any CPU
	EndGlobalSection
	GlobalSection(SolutionProperties) = preSolution
		HideSolutionNode = FALSE
	EndGlobalSection
	GlobalSection(ProjectConfigurationPlatforms) = postSolution
		{E87E30BC-55C7-4590-B7D8-16E4D06BE05F}.Debug|Any CPU.ActiveCfg = Debug|Any CPU
		{E87E30BC-55C7-4590-B7D8-16E4D06BE05F}.Debug|Any CPU.Build.0 = Debug|Any CPU
		{E87E30BC-55C7-4590-B7D8-16E4D06BE05F}.Release|Any CPU.ActiveCfg = Release|Any CPU
		{E87E30BC-55C7-4590-B7D8-16E4D06BE05F}.Release|Any CPU.Build.0 = Release|Any CPU
		{C83C1811-4A63-4ABC-98B0-495C0C5261E9}.Debug|Any CPU.ActiveCfg = Debug|Any CPU
		{C83C1811-4A63-4ABC-98B0-495C0C5261E9}.Debug|Any CPU.Build.0 = Debug|Any CPU
		{C83C1811-4A63-4ABC-98B0-495C0C5261E9}.Release|Any CPU.ActiveCfg = Release|Any CPU
		{C83C1811-4A63-4ABC-98B0-495C0C5261E9}.Release|Any CPU.Build.0 = Release|Any CPU
		{FFB27146-A7FB-46D6-BFE9-5B90D2D483F5}.Debug|Any CPU.ActiveCfg = Debug|Any CPU
		{FFB27146-A7FB-46D6-BFE9-5B90D2D483F5}.Debug|Any CPU.Build.0 = Debug|Any CPU
		{FFB27146-A7FB-46D6-BFE9-5B90D2D483F5}.Release|Any CPU.ActiveCfg = Release|Any CPU
		{FFB27146-A7FB-46D6-BFE9-5B90D2D483F5}.Release|Any CPU.Build.0 = Release|Any CPU
		{75A6288B-ADA9-495D-B1F3-48DC6B6651F4}.Debug|Any CPU.ActiveCfg = Debug|Any CPU
		{75A6288B-ADA9-495D-B1F3-48DC6B6651F4}.Debug|Any CPU.Build.0 = Debug|Any CPU
		{75A6288B-ADA9-495D-B1F3-48DC6B6651F4}.Release|Any CPU.ActiveCfg = Release|Any CPU
		{75A6288B-ADA9-495D-B1F3-48DC6B6651F4}.Release|Any CPU.Build.0 = Release|Any CPU
		{B08698E0-0060-4F5F-AE51-C69C53B34F6B}.Debug|Any CPU.ActiveCfg = Debug|Any CPU
		{B08698E0-0060-4F5F-AE51-C69C53B34F6B}.Debug|Any CPU.Build.0 = Debug|Any CPU
		{B08698E0-0060-4F5F-AE51-C69C53B34F6B}.Release|Any CPU.ActiveCfg = Release|Any CPU
		{B08698E0-0060-4F5F-AE51-C69C53B34F6B}.Release|Any CPU.Build.0 = Release|Any CPU
		{4A2B8C1D-3E5F-6A7B-8C9D-0E1F2A3B4C5D}.Debug|Any CPU.ActiveCfg = Debug|Any CPU
		{4A2B8C1D-3E5F-6A7B-8C9D-0E1F2A3B4C5D}.Debug|Any CPU.Build.0 = Debug|Any CPU
		{4A2B8C1D-3E5F-6A7B-8C9D-0E1F2A3B4C5D}.Release|Any CPU.ActiveCfg = Release|Any CPU
		{4A2B8C1D-3E5F-6A7B-8C9D-0E1F2A3B4C5D}.Release|Any CPU.Build.0 = Release|Any CPU
		{8EDFD039-18DC-4901-9ECC-1947FC953242}.Debug|Any CPU.ActiveCfg = Debug|Any CPU
		{8EDFD039-18DC-4901-9ECC-1947FC953242}.Debug|Any CPU.Build.0 = Debug|Any CPU
		{8EDFD039-18DC-4901-9ECC-1947FC953242}.Release|Any CPU.ActiveCfg = Release|Any CPU
		{8EDFD039-18DC-4901-9ECC-1947FC953242}.Release|Any CPU.Build.0 = Release|Any CPU
		{D1A2B3C4-E5F6-7890-ABCD-EF1234567890}.Debug|Any CPU.ActiveCfg = Debug|Any CPU
		{D1A2B3C4-E5F6-7890-ABCD-EF1234567890}.Debug|Any CPU.Build.0 = Debug|Any CPU
		{D1A2B3C4-E5F6-7890-ABCD-EF1234567890}.Release|Any CPU.ActiveCfg = Release|Any CPU
		{D1A2B3C4-E5F6-7890-ABCD-EF1234567890}.Release|Any CPU.Build.0 = Release|Any CPU
		{A1B2C3D4-E5F6-7890-ABCD-EF0987654321}.Debug|Any CPU.ActiveCfg = Debug|Any CPU
		{A1B2C3D4-E5F6-7890-ABCD-EF0987654321}.Debug|Any CPU.Build.0 = Debug|Any CPU
		{A1B2C3D4-E5F6-7890-ABCD-EF0987654321}.Release|Any CPU.ActiveCfg = Release|Any CPU
		{A1B2C3D4-E5F6-7890-ABCD-EF0987654321}.Release|Any CPU.Build.0 = Release|Any CPU
		{0588E872-5D57-4BAD-8DAD-5A9716F9944C}.Debug|Any CPU.ActiveCfg = Debug|Any CPU
		{0588E872-5D57-4BAD-8DAD-5A9716F9944C}.Debug|Any CPU.Build.0 = Debug|Any CPU
		{0588E872-5D57-4BAD-8DAD-5A9716F9944C}.Release|Any CPU.ActiveCfg = Release|Any CPU
		{0588E872-5D57-4BAD-8DAD-5A9716F9944C}.Release|Any CPU.Build.0 = Release|Any CPU
		{0440B2A1-C03F-4118-95B5-24D10D2327AB}.Debug|Any CPU.ActiveCfg = Debug|Any CPU
		{0440B2A1-C03F-4118-95B5-24D10D2327AB}.Debug|Any CPU.Build.0 = Debug|Any CPU
		{0440B2A1-C03F-4118-95B5-24D10D2327AB}.Release|Any CPU.ActiveCfg = Release|Any CPU
		{0440B2A1-C03F-4118-95B5-24D10D2327AB}.Release|Any CPU.Build.0 = Release|Any CPU
	EndGlobalSection
	GlobalSection(NestedProjects) = preSolution
		{E87E30BC-55C7-4590-B7D8-16E4D06BE05F} = {F81917BA-C407-4826-B36F-433A4AF34915}
		{C83C1811-4A63-4ABC-98B0-495C0C5261E9} = {F81917BA-C407-4826-B36F-433A4AF34915}
		{FFB27146-A7FB-46D6-BFE9-5B90D2D483F5} = {F81917BA-C407-4826-B36F-433A4AF34915}
		{75A6288B-ADA9-495D-B1F3-48DC6B6651F4} = {F81917BA-C407-4826-B36F-433A4AF34915}
		{B08698E0-0060-4F5F-AE51-C69C53B34F6B} = {F81917BA-C407-4826-B36F-433A4AF34915}
		{4A2B8C1D-3E5F-6A7B-8C9D-0E1F2A3B4C5D} = {F81917BA-C407-4826-B36F-433A4AF34915}
		{8EDFD039-18DC-4901-9ECC-1947FC953242} = {A55BA839-58B9-4149-8E41-52996EAF43B9}
		{D1A2B3C4-E5F6-7890-ABCD-EF1234567890} = {F81917BA-C407-4826-B36F-433A4AF34915}
		{A1B2C3D4-E5F6-7890-ABCD-EF0987654321} = {F81917BA-C407-4826-B36F-433A4AF34915}
		{0588E872-5D57-4BAD-8DAD-5A9716F9944C} = {A55BA839-58B9-4149-8E41-52996EAF43B9}
		{0440B2A1-C03F-4118-95B5-24D10D2327AB} = {A55BA839-58B9-4149-8E41-52996EAF43B9}
	EndGlobalSection
EndGlobal
